PODS:
  - CouchbaseLite (2.0DB007)

DEPENDENCIES:
  - CouchbaseLite (from `https://github.com/couchbase/couchbase-lite-ios.git`, tag `2.0DB007`)

EXTERNAL SOURCES:
  CouchbaseLite:
    :git: https://github.com/couchbase/couchbase-lite-ios.git
    :submodules: true
    :tag: 2.0DB007

CHECKOUT OPTIONS:
  CouchbaseLite:
    :git: https://github.com/couchbase/couchbase-lite-ios.git
    :submodules: true
    :tag: 2.0DB007

SPEC CHECKSUMS:
  CouchbaseLite: a52414c6fb3869a1f31ebfaf5c985e3bd4a780b0

PODFILE CHECKSUM: 4d89950543a2ad9087252f7913b009ff08d847d8

COCOAPODS: 1.2.0
