PODS:
  - CouchbaseLite (2.0DB2)

DEPENDENCIES:
  - CouchbaseLite (from `https://github.com/couchbase/couchbase-lite-ios.git`, branch `feature/2.0`)

EXTERNAL SOURCES:
  CouchbaseLite:
    :branch: feature/2.0
    :git: https://github.com/couchbase/couchbase-lite-ios.git
    :submodules: true

CHECKOUT OPTIONS:
  CouchbaseLite:
    :commit: 3511741f12b7346a68de5deba39fffa1703a70ed
    :git: https://github.com/couchbase/couchbase-lite-ios.git
    :submodules: true

SPEC CHECKSUMS:
  CouchbaseLite: b9d383b5abde0b1cb6eb217676ccde40d5f6f9a6

PODFILE CHECKSUM: 2ed60c2a5b9e2b8c0046a4ef1a048eb72404bf02

COCOAPODS: 1.2.0
