PODS:
  - CouchbaseLiteSwift (2.0DB2)

DEPENDENCIES:
  - CouchbaseLiteSwift (from `https://github.com/couchbase/couchbase-lite-ios.git`, branch `2.0`)

EXTERNAL SOURCES:
  CouchbaseLiteSwift:
    :branch: '2.0'
    :git: https://github.com/couchbase/couchbase-lite-ios.git
    :submodules: true

CHECKOUT OPTIONS:
  CouchbaseLiteSwift:
    :commit: 3511741f12b7346a68de5deba39fffa1703a70ed
    :git: https://github.com/couchbase/couchbase-lite-ios.git
    :submodules: true

SPEC CHECKSUMS:
  CouchbaseLiteSwift: d0f2d1d26c610e45cc4bff710cf08648c2237c34

PODFILE CHECKSUM: 6b889e45899156479f1c3702df409ce2a9e73974

COCOAPODS: 1.2.0
