PODS:
  - CouchbaseLite (2.0DP001)

DEPENDENCIES:
  - CouchbaseLite (from `https://github.com/couchbase/couchbase-lite-ios.git`, tag `2.0DP001`)

EXTERNAL SOURCES:
  CouchbaseLite:
    :git: https://github.com/couchbase/couchbase-lite-ios.git
    :submodules: true
    :tag: 2.0DP001

CHECKOUT OPTIONS:
  CouchbaseLite:
    :git: https://github.com/couchbase/couchbase-lite-ios.git
    :submodules: true
    :tag: 2.0DP001

SPEC CHECKSUMS:
  CouchbaseLite: dff33b1926f202712db01453b31724edae9e0860

PODFILE CHECKSUM: 7f0c1a1aed63e2b1d65544b605fb409a7aff6e91

COCOAPODS: 1.1.1
