// !$*UTF8*$!
{
	archiveVersion = 1;
	classes = {
	};
	objectVersion = 46;
	objects = {

/* Begin PBXBuildFile section */
		9322DCC41F13FC7C00C4ACF7 /* CouchbaseLite.framework in Frameworks */ = {isa = PBXBuildFile; fileRef = 9322DCC31F13FC7C00C4ACF7 /* CouchbaseLite.framework */; };
		9322DCC91F1404FE00C4ACF7 /* CouchbaseLite.framework in CopyFiles */ = {isa = PBXBuildFile; fileRef = 9322DCC31F13FC7C00C4ACF7 /* CouchbaseLite.framework */; settings = {ATTRIBUTES = (CodeSignOnCopy, RemoveHeadersOnCopy, ); }; };
		9336350C1EDE1DA500349E9A /* CBLLoginViewController.m in Sources */ = {isa = PBXBuildFile; fileRef = 9336350B1EDE1DA500349E9A /* CBLLoginViewController.m */; };
		933635121EDE2A7C00349E9A /* CBLSession.m in Sources */ = {isa = PBXBuildFile; fileRef = 933635111EDE2A7C00349E9A /* CBLSession.m */; };
		937EAC0B1E3AB72200133693 /* main.m in Sources */ = {isa = PBXBuildFile; fileRef = 937EAC0A1E3AB72200133693 /* main.m */; };
		937EAC0E1E3AB72200133693 /* AppDelegate.m in Sources */ = {isa = PBXBuildFile; fileRef = 937EAC0D1E3AB72200133693 /* AppDelegate.m */; };
		937EAC141E3AB72200133693 /* Main.storyboard in Resources */ = {isa = PBXBuildFile; fileRef = 937EAC121E3AB72200133693 /* Main.storyboard */; };
		937EAC161E3AB72200133693 /* Assets.xcassets in Resources */ = {isa = PBXBuildFile; fileRef = 937EAC151E3AB72200133693 /* Assets.xcassets */; };
		937EAC191E3AB72200133693 /* LaunchScreen.storyboard in Resources */ = {isa = PBXBuildFile; fileRef = 937EAC171E3AB72200133693 /* LaunchScreen.storyboard */; };
		937EAC3E1E3ABF4C00133693 /* CBLListsViewController.m in Sources */ = {isa = PBXBuildFile; fileRef = 937EAC3D1E3ABF4C00133693 /* CBLListsViewController.m */; };
		937EAC461E3ADCBE00133693 /* CBLUi.m in Sources */ = {isa = PBXBuildFile; fileRef = 937EAC451E3ADCBE00133693 /* CBLUi.m */; };
		937EAC491E3AE0ED00133693 /* CBLTextDialog.m in Sources */ = {isa = PBXBuildFile; fileRef = 937EAC481E3AE0ED00133693 /* CBLTextDialog.m */; };
		93A019D91EF305470097D427 /* CBLUsersViewController.m in Sources */ = {isa = PBXBuildFile; fileRef = 93A019D81EF305470097D427 /* CBLUsersViewController.m */; };
		93A8432D1E3B13E100B4AF2D /* CBLTasksViewController.m in Sources */ = {isa = PBXBuildFile; fileRef = 93A8432C1E3B13E100B4AF2D /* CBLTasksViewController.m */; };
		93A843301E3B154200B4AF2D /* CBLTaskTableViewCell.m in Sources */ = {isa = PBXBuildFile; fileRef = 93A8432F1E3B154200B4AF2D /* CBLTaskTableViewCell.m */; };
		93A843371E3B307D00B4AF2D /* CBLImage.m in Sources */ = {isa = PBXBuildFile; fileRef = 93A843361E3B307D00B4AF2D /* CBLImage.m */; };
		93A8433A1E3B420B00B4AF2D /* CBLTaskImageViewController.m in Sources */ = {isa = PBXBuildFile; fileRef = 93A843391E3B420B00B4AF2D /* CBLTaskImageViewController.m */; };
		93DED1952499C45500595294 /* CBLDocLogger.m in Sources */ = {isa = PBXBuildFile; fileRef = 93DED1942499C45400595294 /* CBLDocLogger.m */; };
/* End PBXBuildFile section */

/* Begin PBXCopyFilesBuildPhase section */
		9322DCC81F1404F500C4ACF7 /* CopyFiles */ = {
			isa = PBXCopyFilesBuildPhase;
			buildActionMask = 2147483647;
			dstPath = "";
			dstSubfolderSpec = 10;
			files = (
				9322DCC91F1404FE00C4ACF7 /* CouchbaseLite.framework in CopyFiles */,
			);
			runOnlyForDeploymentPostprocessing = 0;
		};
/* End PBXCopyFilesBuildPhase section */

/* Begin PBXFileReference section */
		9322DCC31F13FC7C00C4ACF7 /* CouchbaseLite.framework */ = {isa = PBXFileReference; lastKnownFileType = wrapper.framework; name = CouchbaseLite.framework; path = Frameworks/CouchbaseLite.framework; sourceTree = "<group>"; };
		9336350A1EDE1DA500349E9A /* CBLLoginViewController.h */ = {isa = PBXFileReference; fileEncoding = 4; lastKnownFileType = sourcecode.c.h; path = CBLLoginViewController.h; sourceTree = "<group>"; };
		9336350B1EDE1DA500349E9A /* CBLLoginViewController.m */ = {isa = PBXFileReference; fileEncoding = 4; lastKnownFileType = sourcecode.c.objc; path = CBLLoginViewController.m; sourceTree = "<group>"; };
		933635101EDE2A7C00349E9A /* CBLSession.h */ = {isa = PBXFileReference; fileEncoding = 4; lastKnownFileType = sourcecode.c.h; path = CBLSession.h; sourceTree = "<group>"; };
		933635111EDE2A7C00349E9A /* CBLSession.m */ = {isa = PBXFileReference; fileEncoding = 4; lastKnownFileType = sourcecode.c.objc; path = CBLSession.m; sourceTree = "<group>"; };
		933F1AB91F39431100338C6A /* CBLConstants.h */ = {isa = PBXFileReference; lastKnownFileType = sourcecode.c.h; path = CBLConstants.h; sourceTree = "<group>"; };
		937EAC061E3AB72200133693 /* Todo.app */ = {isa = PBXFileReference; explicitFileType = wrapper.application; includeInIndex = 0; path = Todo.app; sourceTree = BUILT_PRODUCTS_DIR; };
		937EAC0A1E3AB72200133693 /* main.m */ = {isa = PBXFileReference; lastKnownFileType = sourcecode.c.objc; path = main.m; sourceTree = "<group>"; };
		937EAC0C1E3AB72200133693 /* AppDelegate.h */ = {isa = PBXFileReference; lastKnownFileType = sourcecode.c.h; path = AppDelegate.h; sourceTree = "<group>"; };
		937EAC0D1E3AB72200133693 /* AppDelegate.m */ = {isa = PBXFileReference; lastKnownFileType = sourcecode.c.objc; path = AppDelegate.m; sourceTree = "<group>"; };
		937EAC131E3AB72200133693 /* Base */ = {isa = PBXFileReference; lastKnownFileType = file.storyboard; name = Base; path = Base.lproj/Main.storyboard; sourceTree = "<group>"; };
		937EAC151E3AB72200133693 /* Assets.xcassets */ = {isa = PBXFileReference; lastKnownFileType = folder.assetcatalog; path = Assets.xcassets; sourceTree = "<group>"; };
		937EAC181E3AB72200133693 /* Base */ = {isa = PBXFileReference; lastKnownFileType = file.storyboard; name = Base; path = Base.lproj/LaunchScreen.storyboard; sourceTree = "<group>"; };
		937EAC1A1E3AB72200133693 /* Info.plist */ = {isa = PBXFileReference; lastKnownFileType = text.plist.xml; path = Info.plist; sourceTree = "<group>"; };
		937EAC3C1E3ABF4C00133693 /* CBLListsViewController.h */ = {isa = PBXFileReference; fileEncoding = 4; lastKnownFileType = sourcecode.c.h; path = CBLListsViewController.h; sourceTree = "<group>"; };
		937EAC3D1E3ABF4C00133693 /* CBLListsViewController.m */ = {isa = PBXFileReference; fileEncoding = 4; lastKnownFileType = sourcecode.c.objc; path = CBLListsViewController.m; sourceTree = "<group>"; };
		937EAC441E3ADCBE00133693 /* CBLUi.h */ = {isa = PBXFileReference; fileEncoding = 4; lastKnownFileType = sourcecode.c.h; path = CBLUi.h; sourceTree = "<group>"; };
		937EAC451E3ADCBE00133693 /* CBLUi.m */ = {isa = PBXFileReference; fileEncoding = 4; lastKnownFileType = sourcecode.c.objc; path = CBLUi.m; sourceTree = "<group>"; };
		937EAC471E3AE0ED00133693 /* CBLTextDialog.h */ = {isa = PBXFileReference; fileEncoding = 4; lastKnownFileType = sourcecode.c.h; path = CBLTextDialog.h; sourceTree = "<group>"; };
		937EAC481E3AE0ED00133693 /* CBLTextDialog.m */ = {isa = PBXFileReference; fileEncoding = 4; lastKnownFileType = sourcecode.c.objc; path = CBLTextDialog.m; sourceTree = "<group>"; };
		93A019D71EF305470097D427 /* CBLUsersViewController.h */ = {isa = PBXFileReference; lastKnownFileType = sourcecode.c.h; path = CBLUsersViewController.h; sourceTree = "<group>"; };
		93A019D81EF305470097D427 /* CBLUsersViewController.m */ = {isa = PBXFileReference; lastKnownFileType = sourcecode.c.objc; path = CBLUsersViewController.m; sourceTree = "<group>"; };
		93A8432B1E3B13E100B4AF2D /* CBLTasksViewController.h */ = {isa = PBXFileReference; fileEncoding = 4; lastKnownFileType = sourcecode.c.h; path = CBLTasksViewController.h; sourceTree = "<group>"; };
		93A8432C1E3B13E100B4AF2D /* CBLTasksViewController.m */ = {isa = PBXFileReference; fileEncoding = 4; lastKnownFileType = sourcecode.c.objc; path = CBLTasksViewController.m; sourceTree = "<group>"; };
		93A8432E1E3B154200B4AF2D /* CBLTaskTableViewCell.h */ = {isa = PBXFileReference; fileEncoding = 4; lastKnownFileType = sourcecode.c.h; path = CBLTaskTableViewCell.h; sourceTree = "<group>"; };
		93A8432F1E3B154200B4AF2D /* CBLTaskTableViewCell.m */ = {isa = PBXFileReference; fileEncoding = 4; lastKnownFileType = sourcecode.c.objc; path = CBLTaskTableViewCell.m; sourceTree = "<group>"; };
		93A843351E3B307D00B4AF2D /* CBLImage.h */ = {isa = PBXFileReference; fileEncoding = 4; lastKnownFileType = sourcecode.c.h; path = CBLImage.h; sourceTree = "<group>"; };
		93A843361E3B307D00B4AF2D /* CBLImage.m */ = {isa = PBXFileReference; fileEncoding = 4; lastKnownFileType = sourcecode.c.objc; path = CBLImage.m; sourceTree = "<group>"; };
		93A843381E3B420B00B4AF2D /* CBLTaskImageViewController.h */ = {isa = PBXFileReference; fileEncoding = 4; lastKnownFileType = sourcecode.c.h; path = CBLTaskImageViewController.h; sourceTree = "<group>"; };
		93A843391E3B420B00B4AF2D /* CBLTaskImageViewController.m */ = {isa = PBXFileReference; fileEncoding = 4; lastKnownFileType = sourcecode.c.objc; path = CBLTaskImageViewController.m; sourceTree = "<group>"; };
		93BF1ECF2162B2C900666736 /* Todo.entitlements */ = {isa = PBXFileReference; lastKnownFileType = text.plist.entitlements; path = Todo.entitlements; sourceTree = "<group>"; };
		93DED1932499C45400595294 /* CBLDocLogger.h */ = {isa = PBXFileReference; lastKnownFileType = sourcecode.c.h; path = CBLDocLogger.h; sourceTree = "<group>"; };
		93DED1942499C45400595294 /* CBLDocLogger.m */ = {isa = PBXFileReference; lastKnownFileType = sourcecode.c.objc; path = CBLDocLogger.m; sourceTree = "<group>"; };
/* End PBXFileReference section */

/* Begin PBXFrameworksBuildPhase section */
		937EAC031E3AB72200133693 /* Frameworks */ = {
			isa = PBXFrameworksBuildPhase;
			buildActionMask = 2147483647;
			files = (
				9322DCC41F13FC7C00C4ACF7 /* CouchbaseLite.framework in Frameworks */,
			);
			runOnlyForDeploymentPostprocessing = 0;
		};
/* End PBXFrameworksBuildPhase section */

/* Begin PBXGroup section */
		9322DCC21F13FC7C00C4ACF7 /* Frameworks */ = {
			isa = PBXGroup;
			children = (
				9322DCC31F13FC7C00C4ACF7 /* CouchbaseLite.framework */,
			);
			name = Frameworks;
			sourceTree = "<group>";
		};
		937EABFD1E3AB72200133693 = {
			isa = PBXGroup;
			children = (
				937EAC081E3AB72200133693 /* Todo */,
				937EAC071E3AB72200133693 /* Products */,
				9322DCC21F13FC7C00C4ACF7 /* Frameworks */,
			);
			sourceTree = "<group>";
		};
		937EAC071E3AB72200133693 /* Products */ = {
			isa = PBXGroup;
			children = (
				937EAC061E3AB72200133693 /* Todo.app */,
			);
			name = Products;
			sourceTree = "<group>";
		};
		937EAC081E3AB72200133693 /* Todo */ = {
			isa = PBXGroup;
			children = (
				937EAC4A1E3AF64500133693 /* UI */,
				937EAC0C1E3AB72200133693 /* AppDelegate.h */,
				937EAC0D1E3AB72200133693 /* AppDelegate.m */,
				9336350A1EDE1DA500349E9A /* CBLLoginViewController.h */,
				9336350B1EDE1DA500349E9A /* CBLLoginViewController.m */,
				937EAC3C1E3ABF4C00133693 /* CBLListsViewController.h */,
				937EAC3D1E3ABF4C00133693 /* CBLListsViewController.m */,
				93A8432B1E3B13E100B4AF2D /* CBLTasksViewController.h */,
				93A8432C1E3B13E100B4AF2D /* CBLTasksViewController.m */,
				93A843381E3B420B00B4AF2D /* CBLTaskImageViewController.h */,
				93A843391E3B420B00B4AF2D /* CBLTaskImageViewController.m */,
				93A019D71EF305470097D427 /* CBLUsersViewController.h */,
				93A019D81EF305470097D427 /* CBLUsersViewController.m */,
				933635101EDE2A7C00349E9A /* CBLSession.h */,
				933635111EDE2A7C00349E9A /* CBLSession.m */,
				93DED1932499C45400595294 /* CBLDocLogger.h */,
				93DED1942499C45400595294 /* CBLDocLogger.m */,
				933F1AB91F39431100338C6A /* CBLConstants.h */,
				937EAC121E3AB72200133693 /* Main.storyboard */,
				937EAC151E3AB72200133693 /* Assets.xcassets */,
				937EAC171E3AB72200133693 /* LaunchScreen.storyboard */,
				937EAC1A1E3AB72200133693 /* Info.plist */,
				93BF1ECF2162B2C900666736 /* Todo.entitlements */,
				937EAC091E3AB72200133693 /* Supporting Files */,
			);
			path = Todo;
			sourceTree = "<group>";
		};
		937EAC091E3AB72200133693 /* Supporting Files */ = {
			isa = PBXGroup;
			children = (
				937EAC0A1E3AB72200133693 /* main.m */,
			);
			name = "Supporting Files";
			sourceTree = "<group>";
		};
		937EAC4A1E3AF64500133693 /* UI */ = {
			isa = PBXGroup;
			children = (
				937EAC441E3ADCBE00133693 /* CBLUi.h */,
				937EAC451E3ADCBE00133693 /* CBLUi.m */,
				937EAC471E3AE0ED00133693 /* CBLTextDialog.h */,
				937EAC481E3AE0ED00133693 /* CBLTextDialog.m */,
				93A8432E1E3B154200B4AF2D /* CBLTaskTableViewCell.h */,
				93A8432F1E3B154200B4AF2D /* CBLTaskTableViewCell.m */,
				93A843351E3B307D00B4AF2D /* CBLImage.h */,
				93A843361E3B307D00B4AF2D /* CBLImage.m */,
			);
			name = UI;
			sourceTree = "<group>";
		};
/* End PBXGroup section */

/* Begin PBXNativeTarget section */
		937EAC051E3AB72200133693 /* Todo */ = {
			isa = PBXNativeTarget;
			buildConfigurationList = 937EAC331E3AB72200133693 /* Build configuration list for PBXNativeTarget "Todo" */;
			buildPhases = (
				937EAC021E3AB72200133693 /* Sources */,
				937EAC031E3AB72200133693 /* Frameworks */,
				937EAC041E3AB72200133693 /* Resources */,
				9322DCC81F1404F500C4ACF7 /* CopyFiles */,
			);
			buildRules = (
			);
			dependencies = (
			);
			name = Todo;
			productName = Todo;
			productReference = 937EAC061E3AB72200133693 /* Todo.app */;
			productType = "com.apple.product-type.application";
		};
/* End PBXNativeTarget section */

/* Begin PBXProject section */
		937EABFE1E3AB72200133693 /* Project object */ = {
			isa = PBXProject;
			attributes = {
				LastUpgradeCheck = 0920;
				ORGANIZATIONNAME = "Pasin Suriyentrakorn";
				TargetAttributes = {
					937EAC051E3AB72200133693 = {
						CreatedOnToolsVersion = 8.2.1;
						DevelopmentTeam = N2Q372V7W2;
						ProvisioningStyle = Automatic;
						SystemCapabilities = {
							com.apple.BackgroundModes = {
								enabled = 1;
							};
							com.apple.Push = {
								enabled = 1;
							};
						};
					};
				};
			};
			buildConfigurationList = 937EAC011E3AB72200133693 /* Build configuration list for PBXProject "Todo" */;
			compatibilityVersion = "Xcode 3.2";
			developmentRegion = English;
			hasScannedForEncodings = 0;
			knownRegions = (
				English,
				en,
				Base,
			);
			mainGroup = 937EABFD1E3AB72200133693;
			productRefGroup = 937EAC071E3AB72200133693 /* Products */;
			projectDirPath = "";
			projectRoot = "";
			targets = (
				937EAC051E3AB72200133693 /* Todo */,
			);
		};
/* End PBXProject section */

/* Begin PBXResourcesBuildPhase section */
		937EAC041E3AB72200133693 /* Resources */ = {
			isa = PBXResourcesBuildPhase;
			buildActionMask = 2147483647;
			files = (
				937EAC191E3AB72200133693 /* LaunchScreen.storyboard in Resources */,
				937EAC161E3AB72200133693 /* Assets.xcassets in Resources */,
				937EAC141E3AB72200133693 /* Main.storyboard in Resources */,
			);
			runOnlyForDeploymentPostprocessing = 0;
		};
/* End PBXResourcesBuildPhase section */

/* Begin PBXSourcesBuildPhase section */
		937EAC021E3AB72200133693 /* Sources */ = {
			isa = PBXSourcesBuildPhase;
			buildActionMask = 2147483647;
			files = (
				933635121EDE2A7C00349E9A /* CBLSession.m in Sources */,
				937EAC0E1E3AB72200133693 /* AppDelegate.m in Sources */,
				93A843371E3B307D00B4AF2D /* CBLImage.m in Sources */,
				93A8433A1E3B420B00B4AF2D /* CBLTaskImageViewController.m in Sources */,
				93A843301E3B154200B4AF2D /* CBLTaskTableViewCell.m in Sources */,
				937EAC461E3ADCBE00133693 /* CBLUi.m in Sources */,
				937EAC0B1E3AB72200133693 /* main.m in Sources */,
				937EAC3E1E3ABF4C00133693 /* CBLListsViewController.m in Sources */,
				93DED1952499C45500595294 /* CBLDocLogger.m in Sources */,
				937EAC491E3AE0ED00133693 /* CBLTextDialog.m in Sources */,
				93A019D91EF305470097D427 /* CBLUsersViewController.m in Sources */,
				9336350C1EDE1DA500349E9A /* CBLLoginViewController.m in Sources */,
				93A8432D1E3B13E100B4AF2D /* CBLTasksViewController.m in Sources */,
			);
			runOnlyForDeploymentPostprocessing = 0;
		};
/* End PBXSourcesBuildPhase section */

/* Begin PBXVariantGroup section */
		937EAC121E3AB72200133693 /* Main.storyboard */ = {
			isa = PBXVariantGroup;
			children = (
				937EAC131E3AB72200133693 /* Base */,
			);
			name = Main.storyboard;
			sourceTree = "<group>";
		};
		937EAC171E3AB72200133693 /* LaunchScreen.storyboard */ = {
			isa = PBXVariantGroup;
			children = (
				937EAC181E3AB72200133693 /* Base */,
			);
			name = LaunchScreen.storyboard;
			sourceTree = "<group>";
		};
/* End PBXVariantGroup section */

/* Begin XCBuildConfiguration section */
		937EAC311E3AB72200133693 /* Debug */ = {
			isa = XCBuildConfiguration;
			buildSettings = {
				ALWAYS_SEARCH_USER_PATHS = NO;
				CLANG_ANALYZER_NONNULL = YES;
				CLANG_CXX_LANGUAGE_STANDARD = "gnu++0x";
				CLANG_CXX_LIBRARY = "libc++";
				CLANG_ENABLE_MODULES = YES;
				CLANG_ENABLE_OBJC_ARC = YES;
				CLANG_WARN_BLOCK_CAPTURE_AUTORELEASING = YES;
				CLANG_WARN_BOOL_CONVERSION = YES;
				CLANG_WARN_COMMA = YES;
				CLANG_WARN_CONSTANT_CONVERSION = YES;
				CLANG_WARN_DIRECT_OBJC_ISA_USAGE = YES_ERROR;
				CLANG_WARN_DOCUMENTATION_COMMENTS = YES;
				CLANG_WARN_EMPTY_BODY = YES;
				CLANG_WARN_ENUM_CONVERSION = YES;
				CLANG_WARN_INFINITE_RECURSION = YES;
				CLANG_WARN_INT_CONVERSION = YES;
				CLANG_WARN_NON_LITERAL_NULL_CONVERSION = YES;
				CLANG_WARN_OBJC_LITERAL_CONVERSION = YES;
				CLANG_WARN_OBJC_ROOT_CLASS = YES_ERROR;
				CLANG_WARN_RANGE_LOOP_ANALYSIS = YES;
				CLANG_WARN_STRICT_PROTOTYPES = YES;
				CLANG_WARN_SUSPICIOUS_MOVE = YES;
				CLANG_WARN_UNREACHABLE_CODE = YES;
				CLANG_WARN__DUPLICATE_METHOD_MATCH = YES;
				"CODE_SIGN_IDENTITY[sdk=iphoneos*]" = "iPhone Developer";
				COPY_PHASE_STRIP = NO;
				DEBUG_INFORMATION_FORMAT = dwarf;
				ENABLE_STRICT_OBJC_MSGSEND = YES;
				ENABLE_TESTABILITY = YES;
				GCC_C_LANGUAGE_STANDARD = gnu99;
				GCC_DYNAMIC_NO_PIC = NO;
				GCC_NO_COMMON_BLOCKS = YES;
				GCC_OPTIMIZATION_LEVEL = 0;
				GCC_PREPROCESSOR_DEFINITIONS = (
					"DEBUG=1",
					"$(inherited)",
				);
				GCC_WARN_64_TO_32_BIT_CONVERSION = YES;
				GCC_WARN_ABOUT_RETURN_TYPE = YES_ERROR;
				GCC_WARN_UNDECLARED_SELECTOR = YES;
				GCC_WARN_UNINITIALIZED_AUTOS = YES_AGGRESSIVE;
				GCC_WARN_UNUSED_FUNCTION = YES;
				GCC_WARN_UNUSED_VARIABLE = YES;
				IPHONEOS_DEPLOYMENT_TARGET = 10.2;
				MTL_ENABLE_DEBUG_INFO = YES;
				ONLY_ACTIVE_ARCH = YES;
				SDKROOT = iphoneos;
				TARGETED_DEVICE_FAMILY = "1,2";
			};
			name = Debug;
		};
		937EAC321E3AB72200133693 /* Release */ = {
			isa = XCBuildConfiguration;
			buildSettings = {
				ALWAYS_SEARCH_USER_PATHS = NO;
				CLANG_ANALYZER_NONNULL = YES;
				CLANG_CXX_LANGUAGE_STANDARD = "gnu++0x";
				CLANG_CXX_LIBRARY = "libc++";
				CLANG_ENABLE_MODULES = YES;
				CLANG_ENABLE_OBJC_ARC = YES;
				CLANG_WARN_BLOCK_CAPTURE_AUTORELEASING = YES;
				CLANG_WARN_BOOL_CONVERSION = YES;
				CLANG_WARN_COMMA = YES;
				CLANG_WARN_CONSTANT_CONVERSION = YES;
				CLANG_WARN_DIRECT_OBJC_ISA_USAGE = YES_ERROR;
				CLANG_WARN_DOCUMENTATION_COMMENTS = YES;
				CLANG_WARN_EMPTY_BODY = YES;
				CLANG_WARN_ENUM_CONVERSION = YES;
				CLANG_WARN_INFINITE_RECURSION = YES;
				CLANG_WARN_INT_CONVERSION = YES;
				CLANG_WARN_NON_LITERAL_NULL_CONVERSION = YES;
				CLANG_WARN_OBJC_LITERAL_CONVERSION = YES;
				CLANG_WARN_OBJC_ROOT_CLASS = YES_ERROR;
				CLANG_WARN_RANGE_LOOP_ANALYSIS = YES;
				CLANG_WARN_STRICT_PROTOTYPES = YES;
				CLANG_WARN_SUSPICIOUS_MOVE = YES;
				CLANG_WARN_UNREACHABLE_CODE = YES;
				CLANG_WARN__DUPLICATE_METHOD_MATCH = YES;
				"CODE_SIGN_IDENTITY[sdk=iphoneos*]" = "iPhone Developer";
				COPY_PHASE_STRIP = NO;
				DEBUG_INFORMATION_FORMAT = "dwarf-with-dsym";
				ENABLE_NS_ASSERTIONS = NO;
				ENABLE_STRICT_OBJC_MSGSEND = YES;
				GCC_C_LANGUAGE_STANDARD = gnu99;
				GCC_NO_COMMON_BLOCKS = YES;
				GCC_WARN_64_TO_32_BIT_CONVERSION = YES;
				GCC_WARN_ABOUT_RETURN_TYPE = YES_ERROR;
				GCC_WARN_UNDECLARED_SELECTOR = YES;
				GCC_WARN_UNINITIALIZED_AUTOS = YES_AGGRESSIVE;
				GCC_WARN_UNUSED_FUNCTION = YES;
				GCC_WARN_UNUSED_VARIABLE = YES;
				IPHONEOS_DEPLOYMENT_TARGET = 10.2;
				MTL_ENABLE_DEBUG_INFO = NO;
				SDKROOT = iphoneos;
				TARGETED_DEVICE_FAMILY = "1,2";
				VALIDATE_PRODUCT = YES;
			};
			name = Release;
		};
		937EAC341E3AB72200133693 /* Debug */ = {
			isa = XCBuildConfiguration;
			buildSettings = {
				ASSETCATALOG_COMPILER_APPICON_NAME = AppIcon;
				CODE_SIGN_ENTITLEMENTS = Todo/Todo.entitlements;
				DEVELOPMENT_TEAM = N2Q372V7W2;
				FRAMEWORK_SEARCH_PATHS = (
					"$(inherited)",
					"$(PROJECT_DIR)/Carthage/Build/iOS",
					"$(PROJECT_DIR)/Frameworks",
				);
				INFOPLIST_FILE = Todo/Info.plist;
				LD_RUNPATH_SEARCH_PATHS = "$(inherited) @executable_path/Frameworks";
				PRODUCT_BUNDLE_IDENTIFIER = com.couchbase.MobileTrainingTodo;
				PRODUCT_NAME = "$(TARGET_NAME)";
			};
			name = Debug;
		};
		937EAC351E3AB72200133693 /* Release */ = {
			isa = XCBuildConfiguration;
			buildSettings = {
				ASSETCATALOG_COMPILER_APPICON_NAME = AppIcon;
				CODE_SIGN_ENTITLEMENTS = Todo/Todo.entitlements;
				DEVELOPMENT_TEAM = N2Q372V7W2;
				FRAMEWORK_SEARCH_PATHS = (
					"$(inherited)",
					"$(PROJECT_DIR)/Carthage/Build/iOS",
					"$(PROJECT_DIR)/Frameworks",
				);
				INFOPLIST_FILE = Todo/Info.plist;
				LD_RUNPATH_SEARCH_PATHS = "$(inherited) @executable_path/Frameworks";
				PRODUCT_BUNDLE_IDENTIFIER = com.couchbase.MobileTrainingTodo;
				PRODUCT_NAME = "$(TARGET_NAME)";
			};
			name = Release;
		};
/* End XCBuildConfiguration section */

/* Begin XCConfigurationList section */
		937EAC011E3AB72200133693 /* Build configuration list for PBXProject "Todo" */ = {
			isa = XCConfigurationList;
			buildConfigurations = (
				937EAC311E3AB72200133693 /* Debug */,
				937EAC321E3AB72200133693 /* Release */,
			);
			defaultConfigurationIsVisible = 0;
			defaultConfigurationName = Release;
		};
		937EAC331E3AB72200133693 /* Build configuration list for PBXNativeTarget "Todo" */ = {
			isa = XCConfigurationList;
			buildConfigurations = (
				937EAC341E3AB72200133693 /* Debug */,
				937EAC351E3AB72200133693 /* Release */,
			);
			defaultConfigurationIsVisible = 0;
			defaultConfigurationName = Release;
		};
/* End XCConfigurationList section */
	};
	rootObject = 937EABFE1E3AB72200133693 /* Project object */;
}
