Microsoft Visual Studio Solution File, Format Version 12.00
# Visual Studio 15
VisualStudioVersion = 15.0.26430.13
MinimumVisualStudioVersion = 10.0.40219.1
Project("{FAE04EC0-301F-11D3-BF4B-00C04F79EFBC}") = "Training.UWP", "Training.UWP\Training.UWP.csproj", "{4FE00AF2-C8ED-4244-835C-6564FE8BFFA3}"
EndProject
Project("{2150E333-8FDC-42A3-9474-1A3956D46DE8}") = "Training.App", "Training.App", "{96B6B05C-82E4-4F44-83F0-D0398E790CC7}"
EndProject
Project("{9A19103F-16F7-4668-BE54-9A1E7A4F7556}") = "Training.Core", "Training.Core\Training.Core.csproj", "{3FCC9469-A495-49BD-91E0-0D42DBDD0183}"
EndProject
Project("{9A19103F-16F7-4668-BE54-9A1E7A4F7556}") = "Training", "Training\Training.csproj", "{DD47E1CE-CBB5-4FB8-867D-A9D37DB89493}"
EndProject
Project("{FAE04EC0-301F-11D3-BF4B-00C04F79EFBC}") = "Training.Android", "Training.Android\Training.Android.csproj", "{0E1FEDA2-5099-4073-ADA9-549289D17A64}"
EndProject
Project("{FAE04EC0-301F-11D3-BF4B-00C04F79EFBC}") = "Training.iOS", "Training.iOS\Training.iOS.csproj", "{276FE4C3-44E0-4849-B12D-3251B02888F6}"
EndProject
Global
	GlobalSection(SolutionConfigurationPlatforms) = preSolution
		Debug|Any CPU = Debug|Any CPU
		Debug|ARM = Debug|ARM
		Debug|iPhone = Debug|iPhone
		Debug|iPhoneSimulator = Debug|iPhoneSimulator
		Debug|x64 = Debug|x64
		Debug|x86 = Debug|x86
		Packaging|Any CPU = Packaging|Any CPU
		Packaging|ARM = Packaging|ARM
		Packaging|iPhone = Packaging|iPhone
		Packaging|iPhoneSimulator = Packaging|iPhoneSimulator
		Packaging|x64 = Packaging|x64
		Packaging|x86 = Packaging|x86
		Release|Any CPU = Release|Any CPU
		Release|ARM = Release|ARM
		Release|iPhone = Release|iPhone
		Release|iPhoneSimulator = Release|iPhoneSimulator
		Release|x64 = Release|x64
		Release|x86 = Release|x86
	EndGlobalSection
	GlobalSection(ProjectConfigurationPlatforms) = postSolution
		{4FE00AF2-C8ED-4244-835C-6564FE8BFFA3}.Debug|Any CPU.ActiveCfg = Debug|x86
		{4FE00AF2-C8ED-4244-835C-6564FE8BFFA3}.Debug|ARM.ActiveCfg = Debug|ARM
		{4FE00AF2-C8ED-4244-835C-6564FE8BFFA3}.Debug|ARM.Build.0 = Debug|ARM
		{4FE00AF2-C8ED-4244-835C-6564FE8BFFA3}.Debug|ARM.Deploy.0 = Debug|ARM
		{4FE00AF2-C8ED-4244-835C-6564FE8BFFA3}.Debug|iPhone.ActiveCfg = Debug|x86
		{4FE00AF2-C8ED-4244-835C-6564FE8BFFA3}.Debug|iPhoneSimulator.ActiveCfg = Debug|x86
		{4FE00AF2-C8ED-4244-835C-6564FE8BFFA3}.Debug|x64.ActiveCfg = Debug|x64
		{4FE00AF2-C8ED-4244-835C-6564FE8BFFA3}.Debug|x64.Build.0 = Debug|x64
		{4FE00AF2-C8ED-4244-835C-6564FE8BFFA3}.Debug|x64.Deploy.0 = Debug|x64
		{4FE00AF2-C8ED-4244-835C-6564FE8BFFA3}.Debug|x86.ActiveCfg = Debug|x86
		{4FE00AF2-C8ED-4244-835C-6564FE8BFFA3}.Debug|x86.Build.0 = Debug|x86
		{4FE00AF2-C8ED-4244-835C-6564FE8BFFA3}.Debug|x86.Deploy.0 = Debug|x86
		{4FE00AF2-C8ED-4244-835C-6564FE8BFFA3}.Packaging|Any CPU.ActiveCfg = Release|x64
		{4FE00AF2-C8ED-4244-835C-6564FE8BFFA3}.Packaging|Any CPU.Build.0 = Release|x64
		{4FE00AF2-C8ED-4244-835C-6564FE8BFFA3}.Packaging|Any CPU.Deploy.0 = Release|x64
		{4FE00AF2-C8ED-4244-835C-6564FE8BFFA3}.Packaging|ARM.ActiveCfg = Release|ARM
		{4FE00AF2-C8ED-4244-835C-6564FE8BFFA3}.Packaging|ARM.Build.0 = Release|ARM
		{4FE00AF2-C8ED-4244-835C-6564FE8BFFA3}.Packaging|ARM.Deploy.0 = Release|ARM
		{4FE00AF2-C8ED-4244-835C-6564FE8BFFA3}.Packaging|iPhone.ActiveCfg = Release|x64
		{4FE00AF2-C8ED-4244-835C-6564FE8BFFA3}.Packaging|iPhone.Build.0 = Release|x64
		{4FE00AF2-C8ED-4244-835C-6564FE8BFFA3}.Packaging|iPhone.Deploy.0 = Release|x64
		{4FE00AF2-C8ED-4244-835C-6564FE8BFFA3}.Packaging|iPhoneSimulator.ActiveCfg = Release|x64
		{4FE00AF2-C8ED-4244-835C-6564FE8BFFA3}.Packaging|iPhoneSimulator.Build.0 = Release|x64
		{4FE00AF2-C8ED-4244-835C-6564FE8BFFA3}.Packaging|iPhoneSimulator.Deploy.0 = Release|x64
		{4FE00AF2-C8ED-4244-835C-6564FE8BFFA3}.Packaging|x64.ActiveCfg = Release|x64
		{4FE00AF2-C8ED-4244-835C-6564FE8BFFA3}.Packaging|x64.Build.0 = Release|x64
		{4FE00AF2-C8ED-4244-835C-6564FE8BFFA3}.Packaging|x64.Deploy.0 = Release|x64
		{4FE00AF2-C8ED-4244-835C-6564FE8BFFA3}.Packaging|x86.ActiveCfg = Release|x86
		{4FE00AF2-C8ED-4244-835C-6564FE8BFFA3}.Packaging|x86.Build.0 = Release|x86
		{4FE00AF2-C8ED-4244-835C-6564FE8BFFA3}.Packaging|x86.Deploy.0 = Release|x86
		{4FE00AF2-C8ED-4244-835C-6564FE8BFFA3}.Release|Any CPU.ActiveCfg = Release|x86
		{4FE00AF2-C8ED-4244-835C-6564FE8BFFA3}.Release|ARM.ActiveCfg = Release|ARM
		{4FE00AF2-C8ED-4244-835C-6564FE8BFFA3}.Release|ARM.Build.0 = Release|ARM
		{4FE00AF2-C8ED-4244-835C-6564FE8BFFA3}.Release|ARM.Deploy.0 = Release|ARM
		{4FE00AF2-C8ED-4244-835C-6564FE8BFFA3}.Release|iPhone.ActiveCfg = Release|x86
		{4FE00AF2-C8ED-4244-835C-6564FE8BFFA3}.Release|iPhoneSimulator.ActiveCfg = Release|x86
		{4FE00AF2-C8ED-4244-835C-6564FE8BFFA3}.Release|x64.ActiveCfg = Release|x64
		{4FE00AF2-C8ED-4244-835C-6564FE8BFFA3}.Release|x64.Build.0 = Release|x64
		{4FE00AF2-C8ED-4244-835C-6564FE8BFFA3}.Release|x64.Deploy.0 = Release|x64
		{4FE00AF2-C8ED-4244-835C-6564FE8BFFA3}.Release|x86.ActiveCfg = Release|x86
		{4FE00AF2-C8ED-4244-835C-6564FE8BFFA3}.Release|x86.Build.0 = Release|x86
		{4FE00AF2-C8ED-4244-835C-6564FE8BFFA3}.Release|x86.Deploy.0 = Release|x86
		{3FCC9469-A495-49BD-91E0-0D42DBDD0183}.Debug|Any CPU.ActiveCfg = Debug|Any CPU
		{3FCC9469-A495-49BD-91E0-0D42DBDD0183}.Debug|Any CPU.Build.0 = Debug|Any CPU
		{3FCC9469-A495-49BD-91E0-0D42DBDD0183}.Debug|ARM.ActiveCfg = Debug|Any CPU
		{3FCC9469-A495-49BD-91E0-0D42DBDD0183}.Debug|ARM.Build.0 = Debug|Any CPU
		{3FCC9469-A495-49BD-91E0-0D42DBDD0183}.Debug|iPhone.ActiveCfg = Debug|Any CPU
		{3FCC9469-A495-49BD-91E0-0D42DBDD0183}.Debug|iPhone.Build.0 = Debug|Any CPU
		{3FCC9469-A495-49BD-91E0-0D42DBDD0183}.Debug|iPhoneSimulator.ActiveCfg = Debug|Any CPU
		{3FCC9469-A495-49BD-91E0-0D42DBDD0183}.Debug|iPhoneSimulator.Build.0 = Debug|Any CPU
		{3FCC9469-A495-49BD-91E0-0D42DBDD0183}.Debug|x64.ActiveCfg = Debug|Any CPU
		{3FCC9469-A495-49BD-91E0-0D42DBDD0183}.Debug|x64.Build.0 = Debug|Any CPU
		{3FCC9469-A495-49BD-91E0-0D42DBDD0183}.Debug|x86.ActiveCfg = Debug|Any CPU
		{3FCC9469-A495-49BD-91E0-0D42DBDD0183}.Debug|x86.Build.0 = Debug|Any CPU
		{3FCC9469-A495-49BD-91E0-0D42DBDD0183}.Packaging|Any CPU.ActiveCfg = Debug|Any CPU
		{3FCC9469-A495-49BD-91E0-0D42DBDD0183}.Packaging|Any CPU.Build.0 = Debug|Any CPU
		{3FCC9469-A495-49BD-91E0-0D42DBDD0183}.Packaging|ARM.ActiveCfg = Debug|Any CPU
		{3FCC9469-A495-49BD-91E0-0D42DBDD0183}.Packaging|ARM.Build.0 = Debug|Any CPU
		{3FCC9469-A495-49BD-91E0-0D42DBDD0183}.Packaging|iPhone.ActiveCfg = Debug|Any CPU
		{3FCC9469-A495-49BD-91E0-0D42DBDD0183}.Packaging|iPhone.Build.0 = Debug|Any CPU
		{3FCC9469-A495-49BD-91E0-0D42DBDD0183}.Packaging|iPhoneSimulator.ActiveCfg = Debug|Any CPU
		{3FCC9469-A495-49BD-91E0-0D42DBDD0183}.Packaging|iPhoneSimulator.Build.0 = Debug|Any CPU
		{3FCC9469-A495-49BD-91E0-0D42DBDD0183}.Packaging|x64.ActiveCfg = Debug|Any CPU
		{3FCC9469-A495-49BD-91E0-0D42DBDD0183}.Packaging|x64.Build.0 = Debug|Any CPU
		{3FCC9469-A495-49BD-91E0-0D42DBDD0183}.Packaging|x86.ActiveCfg = Debug|Any CPU
		{3FCC9469-A495-49BD-91E0-0D42DBDD0183}.Packaging|x86.Build.0 = Debug|Any CPU
		{3FCC9469-A495-49BD-91E0-0D42DBDD0183}.Release|Any CPU.ActiveCfg = Release|Any CPU
		{3FCC9469-A495-49BD-91E0-0D42DBDD0183}.Release|Any CPU.Build.0 = Release|Any CPU
		{3FCC9469-A495-49BD-91E0-0D42DBDD0183}.Release|ARM.ActiveCfg = Release|Any CPU
		{3FCC9469-A495-49BD-91E0-0D42DBDD0183}.Release|ARM.Build.0 = Release|Any CPU
		{3FCC9469-A495-49BD-91E0-0D42DBDD0183}.Release|iPhone.ActiveCfg = Release|Any CPU
		{3FCC9469-A495-49BD-91E0-0D42DBDD0183}.Release|iPhone.Build.0 = Release|Any CPU
		{3FCC9469-A495-49BD-91E0-0D42DBDD0183}.Release|iPhoneSimulator.ActiveCfg = Release|Any CPU
		{3FCC9469-A495-49BD-91E0-0D42DBDD0183}.Release|iPhoneSimulator.Build.0 = Release|Any CPU
		{3FCC9469-A495-49BD-91E0-0D42DBDD0183}.Release|x64.ActiveCfg = Release|Any CPU
		{3FCC9469-A495-49BD-91E0-0D42DBDD0183}.Release|x64.Build.0 = Release|Any CPU
		{3FCC9469-A495-49BD-91E0-0D42DBDD0183}.Release|x86.ActiveCfg = Release|Any CPU
		{3FCC9469-A495-49BD-91E0-0D42DBDD0183}.Release|x86.Build.0 = Release|Any CPU
		{DD47E1CE-CBB5-4FB8-867D-A9D37DB89493}.Debug|Any CPU.ActiveCfg = Debug|Any CPU
		{DD47E1CE-CBB5-4FB8-867D-A9D37DB89493}.Debug|Any CPU.Build.0 = Debug|Any CPU
		{DD47E1CE-CBB5-4FB8-867D-A9D37DB89493}.Debug|ARM.ActiveCfg = Debug|Any CPU
		{DD47E1CE-CBB5-4FB8-867D-A9D37DB89493}.Debug|ARM.Build.0 = Debug|Any CPU
		{DD47E1CE-CBB5-4FB8-867D-A9D37DB89493}.Debug|iPhone.ActiveCfg = Debug|Any CPU
		{DD47E1CE-CBB5-4FB8-867D-A9D37DB89493}.Debug|iPhone.Build.0 = Debug|Any CPU
		{DD47E1CE-CBB5-4FB8-867D-A9D37DB89493}.Debug|iPhoneSimulator.ActiveCfg = Debug|Any CPU
		{DD47E1CE-CBB5-4FB8-867D-A9D37DB89493}.Debug|iPhoneSimulator.Build.0 = Debug|Any CPU
		{DD47E1CE-CBB5-4FB8-867D-A9D37DB89493}.Debug|x64.ActiveCfg = Debug|Any CPU
		{DD47E1CE-CBB5-4FB8-867D-A9D37DB89493}.Debug|x64.Build.0 = Debug|Any CPU
		{DD47E1CE-CBB5-4FB8-867D-A9D37DB89493}.Debug|x86.ActiveCfg = Debug|Any CPU
		{DD47E1CE-CBB5-4FB8-867D-A9D37DB89493}.Debug|x86.Build.0 = Debug|Any CPU
		{DD47E1CE-CBB5-4FB8-867D-A9D37DB89493}.Packaging|Any CPU.ActiveCfg = Debug|Any CPU
		{DD47E1CE-CBB5-4FB8-867D-A9D37DB89493}.Packaging|Any CPU.Build.0 = Debug|Any CPU
		{DD47E1CE-CBB5-4FB8-867D-A9D37DB89493}.Packaging|ARM.ActiveCfg = Debug|Any CPU
		{DD47E1CE-CBB5-4FB8-867D-A9D37DB89493}.Packaging|ARM.Build.0 = Debug|Any CPU
		{DD47E1CE-CBB5-4FB8-867D-A9D37DB89493}.Packaging|iPhone.ActiveCfg = Debug|Any CPU
		{DD47E1CE-CBB5-4FB8-867D-A9D37DB89493}.Packaging|iPhone.Build.0 = Debug|Any CPU
		{DD47E1CE-CBB5-4FB8-867D-A9D37DB89493}.Packaging|iPhoneSimulator.ActiveCfg = Debug|Any CPU
		{DD47E1CE-CBB5-4FB8-867D-A9D37DB89493}.Packaging|iPhoneSimulator.Build.0 = Debug|Any CPU
		{DD47E1CE-CBB5-4FB8-867D-A9D37DB89493}.Packaging|x64.ActiveCfg = Debug|Any CPU
		{DD47E1CE-CBB5-4FB8-867D-A9D37DB89493}.Packaging|x64.Build.0 = Debug|Any CPU
		{DD47E1CE-CBB5-4FB8-867D-A9D37DB89493}.Packaging|x86.ActiveCfg = Debug|Any CPU
		{DD47E1CE-CBB5-4FB8-867D-A9D37DB89493}.Packaging|x86.Build.0 = Debug|Any CPU
		{DD47E1CE-CBB5-4FB8-867D-A9D37DB89493}.Release|Any CPU.ActiveCfg = Release|Any CPU
		{DD47E1CE-CBB5-4FB8-867D-A9D37DB89493}.Release|Any CPU.Build.0 = Release|Any CPU
		{DD47E1CE-CBB5-4FB8-867D-A9D37DB89493}.Release|ARM.ActiveCfg = Release|Any CPU
		{DD47E1CE-CBB5-4FB8-867D-A9D37DB89493}.Release|ARM.Build.0 = Release|Any CPU
		{DD47E1CE-CBB5-4FB8-867D-A9D37DB89493}.Release|iPhone.ActiveCfg = Release|Any CPU
		{DD47E1CE-CBB5-4FB8-867D-A9D37DB89493}.Release|iPhone.Build.0 = Release|Any CPU
		{DD47E1CE-CBB5-4FB8-867D-A9D37DB89493}.Release|iPhoneSimulator.ActiveCfg = Release|Any CPU
		{DD47E1CE-CBB5-4FB8-867D-A9D37DB89493}.Release|iPhoneSimulator.Build.0 = Release|Any CPU
		{DD47E1CE-CBB5-4FB8-867D-A9D37DB89493}.Release|x64.ActiveCfg = Release|Any CPU
		{DD47E1CE-CBB5-4FB8-867D-A9D37DB89493}.Release|x64.Build.0 = Release|Any CPU
		{DD47E1CE-CBB5-4FB8-867D-A9D37DB89493}.Release|x86.ActiveCfg = Release|Any CPU
		{DD47E1CE-CBB5-4FB8-867D-A9D37DB89493}.Release|x86.Build.0 = Release|Any CPU
		{0E1FEDA2-5099-4073-ADA9-549289D17A64}.Debug|Any CPU.ActiveCfg = Debug|Any CPU
		{0E1FEDA2-5099-4073-ADA9-549289D17A64}.Debug|Any CPU.Build.0 = Debug|Any CPU
		{0E1FEDA2-5099-4073-ADA9-549289D17A64}.Debug|Any CPU.Deploy.0 = Debug|Any CPU
		{0E1FEDA2-5099-4073-ADA9-549289D17A64}.Debug|ARM.ActiveCfg = Debug|Any CPU
		{0E1FEDA2-5099-4073-ADA9-549289D17A64}.Debug|ARM.Build.0 = Debug|Any CPU
		{0E1FEDA2-5099-4073-ADA9-549289D17A64}.Debug|ARM.Deploy.0 = Debug|Any CPU
		{0E1FEDA2-5099-4073-ADA9-549289D17A64}.Debug|iPhone.ActiveCfg = Debug|Any CPU
		{0E1FEDA2-5099-4073-ADA9-549289D17A64}.Debug|iPhone.Build.0 = Debug|Any CPU
		{0E1FEDA2-5099-4073-ADA9-549289D17A64}.Debug|iPhone.Deploy.0 = Debug|Any CPU
		{0E1FEDA2-5099-4073-ADA9-549289D17A64}.Debug|iPhoneSimulator.ActiveCfg = Debug|Any CPU
		{0E1FEDA2-5099-4073-ADA9-549289D17A64}.Debug|iPhoneSimulator.Build.0 = Debug|Any CPU
		{0E1FEDA2-5099-4073-ADA9-549289D17A64}.Debug|iPhoneSimulator.Deploy.0 = Debug|Any CPU
		{0E1FEDA2-5099-4073-ADA9-549289D17A64}.Debug|x64.ActiveCfg = Debug|Any CPU
		{0E1FEDA2-5099-4073-ADA9-549289D17A64}.Debug|x64.Build.0 = Debug|Any CPU
		{0E1FEDA2-5099-4073-ADA9-549289D17A64}.Debug|x64.Deploy.0 = Debug|Any CPU
		{0E1FEDA2-5099-4073-ADA9-549289D17A64}.Debug|x86.ActiveCfg = Debug|Any CPU
		{0E1FEDA2-5099-4073-ADA9-549289D17A64}.Debug|x86.Build.0 = Debug|Any CPU
		{0E1FEDA2-5099-4073-ADA9-549289D17A64}.Debug|x86.Deploy.0 = Debug|Any CPU
		{0E1FEDA2-5099-4073-ADA9-549289D17A64}.Packaging|Any CPU.ActiveCfg = Release|Any CPU
		{0E1FEDA2-5099-4073-ADA9-549289D17A64}.Packaging|Any CPU.Build.0 = Release|Any CPU
		{0E1FEDA2-5099-4073-ADA9-549289D17A64}.Packaging|Any CPU.Deploy.0 = Release|Any CPU
		{0E1FEDA2-5099-4073-ADA9-549289D17A64}.Packaging|ARM.ActiveCfg = Release|Any CPU
		{0E1FEDA2-5099-4073-ADA9-549289D17A64}.Packaging|ARM.Build.0 = Release|Any CPU
		{0E1FEDA2-5099-4073-ADA9-549289D17A64}.Packaging|ARM.Deploy.0 = Release|Any CPU
		{0E1FEDA2-5099-4073-ADA9-549289D17A64}.Packaging|iPhone.ActiveCfg = Release|Any CPU
		{0E1FEDA2-5099-4073-ADA9-549289D17A64}.Packaging|iPhone.Build.0 = Release|Any CPU
		{0E1FEDA2-5099-4073-ADA9-549289D17A64}.Packaging|iPhone.Deploy.0 = Release|Any CPU
		{0E1FEDA2-5099-4073-ADA9-549289D17A64}.Packaging|iPhoneSimulator.ActiveCfg = Release|Any CPU
		{0E1FEDA2-5099-4073-ADA9-549289D17A64}.Packaging|iPhoneSimulator.Build.0 = Release|Any CPU
		{0E1FEDA2-5099-4073-ADA9-549289D17A64}.Packaging|iPhoneSimulator.Deploy.0 = Release|Any CPU
		{0E1FEDA2-5099-4073-ADA9-549289D17A64}.Packaging|x64.ActiveCfg = Release|Any CPU
		{0E1FEDA2-5099-4073-ADA9-549289D17A64}.Packaging|x64.Build.0 = Release|Any CPU
		{0E1FEDA2-5099-4073-ADA9-549289D17A64}.Packaging|x64.Deploy.0 = Release|Any CPU
		{0E1FEDA2-5099-4073-ADA9-549289D17A64}.Packaging|x86.ActiveCfg = Release|Any CPU
		{0E1FEDA2-5099-4073-ADA9-549289D17A64}.Packaging|x86.Build.0 = Release|Any CPU
		{0E1FEDA2-5099-4073-ADA9-549289D17A64}.Packaging|x86.Deploy.0 = Release|Any CPU
		{0E1FEDA2-5099-4073-ADA9-549289D17A64}.Release|Any CPU.ActiveCfg = Release|Any CPU
		{0E1FEDA2-5099-4073-ADA9-549289D17A64}.Release|Any CPU.Build.0 = Release|Any CPU
		{0E1FEDA2-5099-4073-ADA9-549289D17A64}.Release|Any CPU.Deploy.0 = Release|Any CPU
		{0E1FEDA2-5099-4073-ADA9-549289D17A64}.Release|ARM.ActiveCfg = Release|Any CPU
		{0E1FEDA2-5099-4073-ADA9-549289D17A64}.Release|ARM.Build.0 = Release|Any CPU
		{0E1FEDA2-5099-4073-ADA9-549289D17A64}.Release|ARM.Deploy.0 = Release|Any CPU
		{0E1FEDA2-5099-4073-ADA9-549289D17A64}.Release|iPhone.ActiveCfg = Release|Any CPU
		{0E1FEDA2-5099-4073-ADA9-549289D17A64}.Release|iPhone.Build.0 = Release|Any CPU
		{0E1FEDA2-5099-4073-ADA9-549289D17A64}.Release|iPhone.Deploy.0 = Release|Any CPU
		{0E1FEDA2-5099-4073-ADA9-549289D17A64}.Release|iPhoneSimulator.ActiveCfg = Release|Any CPU
		{0E1FEDA2-5099-4073-ADA9-549289D17A64}.Release|iPhoneSimulator.Build.0 = Release|Any CPU
		{0E1FEDA2-5099-4073-ADA9-549289D17A64}.Release|iPhoneSimulator.Deploy.0 = Release|Any CPU
		{0E1FEDA2-5099-4073-ADA9-549289D17A64}.Release|x64.ActiveCfg = Release|Any CPU
		{0E1FEDA2-5099-4073-ADA9-549289D17A64}.Release|x64.Build.0 = Release|Any CPU
		{0E1FEDA2-5099-4073-ADA9-549289D17A64}.Release|x64.Deploy.0 = Release|Any CPU
		{0E1FEDA2-5099-4073-ADA9-549289D17A64}.Release|x86.ActiveCfg = Release|Any CPU
		{0E1FEDA2-5099-4073-ADA9-549289D17A64}.Release|x86.Build.0 = Release|Any CPU
		{0E1FEDA2-5099-4073-ADA9-549289D17A64}.Release|x86.Deploy.0 = Release|Any CPU
		{276FE4C3-44E0-4849-B12D-3251B02888F6}.Debug|Any CPU.ActiveCfg = Debug|iPhone
		{276FE4C3-44E0-4849-B12D-3251B02888F6}.Debug|ARM.ActiveCfg = Debug|iPhone
		{276FE4C3-44E0-4849-B12D-3251B02888F6}.Debug|iPhone.ActiveCfg = Debug|iPhone
		{276FE4C3-44E0-4849-B12D-3251B02888F6}.Debug|iPhone.Build.0 = Debug|iPhone
		{276FE4C3-44E0-4849-B12D-3251B02888F6}.Debug|iPhoneSimulator.ActiveCfg = Debug|iPhoneSimulator
		{276FE4C3-44E0-4849-B12D-3251B02888F6}.Debug|iPhoneSimulator.Build.0 = Debug|iPhoneSimulator
		{276FE4C3-44E0-4849-B12D-3251B02888F6}.Debug|x64.ActiveCfg = Debug|iPhone
		{276FE4C3-44E0-4849-B12D-3251B02888F6}.Debug|x86.ActiveCfg = Debug|iPhone
		{276FE4C3-44E0-4849-B12D-3251B02888F6}.Packaging|Any CPU.ActiveCfg = Release|iPhone
		{276FE4C3-44E0-4849-B12D-3251B02888F6}.Packaging|Any CPU.Build.0 = Release|iPhone
		{276FE4C3-44E0-4849-B12D-3251B02888F6}.Packaging|ARM.ActiveCfg = Release|iPhone
		{276FE4C3-44E0-4849-B12D-3251B02888F6}.Packaging|ARM.Build.0 = Release|iPhone
		{276FE4C3-44E0-4849-B12D-3251B02888F6}.Packaging|iPhone.ActiveCfg = Release|iPhone
		{276FE4C3-44E0-4849-B12D-3251B02888F6}.Packaging|iPhone.Build.0 = Release|iPhone
		{276FE4C3-44E0-4849-B12D-3251B02888F6}.Packaging|iPhoneSimulator.ActiveCfg = Release|iPhoneSimulator
		{276FE4C3-44E0-4849-B12D-3251B02888F6}.Packaging|iPhoneSimulator.Build.0 = Release|iPhoneSimulator
		{276FE4C3-44E0-4849-B12D-3251B02888F6}.Packaging|x64.ActiveCfg = Release|iPhone
		{276FE4C3-44E0-4849-B12D-3251B02888F6}.Packaging|x64.Build.0 = Release|iPhone
		{276FE4C3-44E0-4849-B12D-3251B02888F6}.Packaging|x86.ActiveCfg = Release|iPhone
		{276FE4C3-44E0-4849-B12D-3251B02888F6}.Packaging|x86.Build.0 = Release|iPhone
		{276FE4C3-44E0-4849-B12D-3251B02888F6}.Release|Any CPU.ActiveCfg = Release|iPhone
		{276FE4C3-44E0-4849-B12D-3251B02888F6}.Release|ARM.ActiveCfg = Release|iPhone
		{276FE4C3-44E0-4849-B12D-3251B02888F6}.Release|iPhone.ActiveCfg = Release|iPhone
		{276FE4C3-44E0-4849-B12D-3251B02888F6}.Release|iPhone.Build.0 = Release|iPhone
		{276FE4C3-44E0-4849-B12D-3251B02888F6}.Release|iPhoneSimulator.ActiveCfg = Release|iPhoneSimulator
		{276FE4C3-44E0-4849-B12D-3251B02888F6}.Release|iPhoneSimulator.Build.0 = Release|iPhoneSimulator
		{276FE4C3-44E0-4849-B12D-3251B02888F6}.Release|x64.ActiveCfg = Release|iPhone
		{276FE4C3-44E0-4849-B12D-3251B02888F6}.Release|x86.ActiveCfg = Release|iPhone
	EndGlobalSection
	GlobalSection(SolutionProperties) = preSolution
		HideSolutionNode = FALSE
	EndGlobalSection
	GlobalSection(NestedProjects) = preSolution
		{4FE00AF2-C8ED-4244-835C-6564FE8BFFA3} = {96B6B05C-82E4-4F44-83F0-D0398E790CC7}
		{0E1FEDA2-5099-4073-ADA9-549289D17A64} = {96B6B05C-82E4-4F44-83F0-D0398E790CC7}
		{276FE4C3-44E0-4849-B12D-3251B02888F6} = {96B6B05C-82E4-4F44-83F0-D0398E790CC7}
	EndGlobalSection
	GlobalSection(ExtensibilityGlobals) = postSolution
		SolutionGuid = {14F3EC6B-7FCC-4F2B-9044-38752EF862FB}
	EndGlobalSection
EndGlobal
