Microsoft Visual Studio Solution File, Format Version 12.00
# Visual Studio 15
VisualStudioVersion = 15.0.26430.13
MinimumVisualStudioVersion = 10.0.40219.1
Project("{FAE04EC0-301F-11D3-BF4B-00C04F79EFBC}") = "Training.UWP", "Training.UWP\Training.UWP.csproj", "{4FE00AF2-C8ED-4244-835C-6564FE8BFFA3}"
EndProject
Project("{2150E333-8FDC-42A3-9474-1A3956D46DE8}") = "MVVM", "MVVM", "{255F42AE-A17B-4426-8AFD-9B90B092913B}"
EndProject
Project("{2150E333-8FDC-42A3-9474-1A3956D46DE8}") = "Training.App", "Training.App", "{96B6B05C-82E4-4F44-83F0-D0398E790CC7}"
EndProject
Project("{9A19103F-16F7-4668-BE54-9A1E7A4F7556}") = "Training.Core", "Training.Core\Training.Core.csproj", "{3FCC9469-A495-49BD-91E0-0D42DBDD0183}"
EndProject
Project("{9A19103F-16F7-4668-BE54-9A1E7A4F7556}") = "Training", "Training\Training.csproj", "{DD47E1CE-CBB5-4FB8-867D-A9D37DB89493}"
EndProject
Project("{9A19103F-16F7-4668-BE54-9A1E7A4F7556}") = "Prototype.Mvvm", "..\..\Prototype.Mvvm\src\Prototype.Mvvm\Prototype.Mvvm.csproj", "{65087088-E8D9-4083-8F15-CCEE5F98A54D}"
EndProject
Project("{9A19103F-16F7-4668-BE54-9A1E7A4F7556}") = "Prototype.Mvvm.Forms", "..\..\Prototype.Mvvm\src\Prototype.Mvvm.Forms\Prototype.Mvvm.Forms.csproj", "{9567169F-10A1-4AD6-B8F2-DAAF800D4C02}"
EndProject
Project("{FAE04EC0-301F-11D3-BF4B-00C04F79EFBC}") = "Training.Android", "Training.Android\Training.Android.csproj", "{3BC0AC7E-3B3B-4D3F-9CC0-B2BDECC460A6}"
EndProject
Global
	GlobalSection(SolutionConfigurationPlatforms) = preSolution
		Debug|Any CPU = Debug|Any CPU
		Debug|ARM = Debug|ARM
		Debug|iPhone = Debug|iPhone
		Debug|iPhoneSimulator = Debug|iPhoneSimulator
		Debug|x64 = Debug|x64
		Debug|x86 = Debug|x86
		Packaging|Any CPU = Packaging|Any CPU
		Packaging|ARM = Packaging|ARM
		Packaging|iPhone = Packaging|iPhone
		Packaging|iPhoneSimulator = Packaging|iPhoneSimulator
		Packaging|x64 = Packaging|x64
		Packaging|x86 = Packaging|x86
		Release|Any CPU = Release|Any CPU
		Release|ARM = Release|ARM
		Release|iPhone = Release|iPhone
		Release|iPhoneSimulator = Release|iPhoneSimulator
		Release|x64 = Release|x64
		Release|x86 = Release|x86
	EndGlobalSection
	GlobalSection(ProjectConfigurationPlatforms) = postSolution
		{4FE00AF2-C8ED-4244-835C-6564FE8BFFA3}.Debug|Any CPU.ActiveCfg = Debug|x86
		{4FE00AF2-C8ED-4244-835C-6564FE8BFFA3}.Debug|ARM.ActiveCfg = Debug|ARM
		{4FE00AF2-C8ED-4244-835C-6564FE8BFFA3}.Debug|ARM.Build.0 = Debug|ARM
		{4FE00AF2-C8ED-4244-835C-6564FE8BFFA3}.Debug|ARM.Deploy.0 = Debug|ARM
		{4FE00AF2-C8ED-4244-835C-6564FE8BFFA3}.Debug|iPhone.ActiveCfg = Debug|x86
		{4FE00AF2-C8ED-4244-835C-6564FE8BFFA3}.Debug|iPhoneSimulator.ActiveCfg = Debug|x86
		{4FE00AF2-C8ED-4244-835C-6564FE8BFFA3}.Debug|x64.ActiveCfg = Debug|x64
		{4FE00AF2-C8ED-4244-835C-6564FE8BFFA3}.Debug|x64.Build.0 = Debug|x64
		{4FE00AF2-C8ED-4244-835C-6564FE8BFFA3}.Debug|x64.Deploy.0 = Debug|x64
		{4FE00AF2-C8ED-4244-835C-6564FE8BFFA3}.Debug|x86.ActiveCfg = Debug|x86
		{4FE00AF2-C8ED-4244-835C-6564FE8BFFA3}.Debug|x86.Build.0 = Debug|x86
		{4FE00AF2-C8ED-4244-835C-6564FE8BFFA3}.Debug|x86.Deploy.0 = Debug|x86
		{4FE00AF2-C8ED-4244-835C-6564FE8BFFA3}.Packaging|Any CPU.ActiveCfg = Release|x64
		{4FE00AF2-C8ED-4244-835C-6564FE8BFFA3}.Packaging|Any CPU.Build.0 = Release|x64
		{4FE00AF2-C8ED-4244-835C-6564FE8BFFA3}.Packaging|Any CPU.Deploy.0 = Release|x64
		{4FE00AF2-C8ED-4244-835C-6564FE8BFFA3}.Packaging|ARM.ActiveCfg = Release|ARM
		{4FE00AF2-C8ED-4244-835C-6564FE8BFFA3}.Packaging|ARM.Build.0 = Release|ARM
		{4FE00AF2-C8ED-4244-835C-6564FE8BFFA3}.Packaging|ARM.Deploy.0 = Release|ARM
		{4FE00AF2-C8ED-4244-835C-6564FE8BFFA3}.Packaging|iPhone.ActiveCfg = Release|x64
		{4FE00AF2-C8ED-4244-835C-6564FE8BFFA3}.Packaging|iPhone.Build.0 = Release|x64
		{4FE00AF2-C8ED-4244-835C-6564FE8BFFA3}.Packaging|iPhone.Deploy.0 = Release|x64
		{4FE00AF2-C8ED-4244-835C-6564FE8BFFA3}.Packaging|iPhoneSimulator.ActiveCfg = Release|x64
		{4FE00AF2-C8ED-4244-835C-6564FE8BFFA3}.Packaging|iPhoneSimulator.Build.0 = Release|x64
		{4FE00AF2-C8ED-4244-835C-6564FE8BFFA3}.Packaging|iPhoneSimulator.Deploy.0 = Release|x64
		{4FE00AF2-C8ED-4244-835C-6564FE8BFFA3}.Packaging|x64.ActiveCfg = Release|x64
		{4FE00AF2-C8ED-4244-835C-6564FE8BFFA3}.Packaging|x64.Build.0 = Release|x64
		{4FE00AF2-C8ED-4244-835C-6564FE8BFFA3}.Packaging|x64.Deploy.0 = Release|x64
		{4FE00AF2-C8ED-4244-835C-6564FE8BFFA3}.Packaging|x86.ActiveCfg = Release|x86
		{4FE00AF2-C8ED-4244-835C-6564FE8BFFA3}.Packaging|x86.Build.0 = Release|x86
		{4FE00AF2-C8ED-4244-835C-6564FE8BFFA3}.Packaging|x86.Deploy.0 = Release|x86
		{4FE00AF2-C8ED-4244-835C-6564FE8BFFA3}.Release|Any CPU.ActiveCfg = Release|x86
		{4FE00AF2-C8ED-4244-835C-6564FE8BFFA3}.Release|ARM.ActiveCfg = Release|ARM
		{4FE00AF2-C8ED-4244-835C-6564FE8BFFA3}.Release|ARM.Build.0 = Release|ARM
		{4FE00AF2-C8ED-4244-835C-6564FE8BFFA3}.Release|ARM.Deploy.0 = Release|ARM
		{4FE00AF2-C8ED-4244-835C-6564FE8BFFA3}.Release|iPhone.ActiveCfg = Release|x86
		{4FE00AF2-C8ED-4244-835C-6564FE8BFFA3}.Release|iPhoneSimulator.ActiveCfg = Release|x86
		{4FE00AF2-C8ED-4244-835C-6564FE8BFFA3}.Release|x64.ActiveCfg = Release|x64
		{4FE00AF2-C8ED-4244-835C-6564FE8BFFA3}.Release|x64.Build.0 = Release|x64
		{4FE00AF2-C8ED-4244-835C-6564FE8BFFA3}.Release|x64.Deploy.0 = Release|x64
		{4FE00AF2-C8ED-4244-835C-6564FE8BFFA3}.Release|x86.ActiveCfg = Release|x86
		{4FE00AF2-C8ED-4244-835C-6564FE8BFFA3}.Release|x86.Build.0 = Release|x86
		{4FE00AF2-C8ED-4244-835C-6564FE8BFFA3}.Release|x86.Deploy.0 = Release|x86
		{3FCC9469-A495-49BD-91E0-0D42DBDD0183}.Debug|Any CPU.ActiveCfg = Debug|Any CPU
		{3FCC9469-A495-49BD-91E0-0D42DBDD0183}.Debug|Any CPU.Build.0 = Debug|Any CPU
		{3FCC9469-A495-49BD-91E0-0D42DBDD0183}.Debug|ARM.ActiveCfg = Debug|Any CPU
		{3FCC9469-A495-49BD-91E0-0D42DBDD0183}.Debug|ARM.Build.0 = Debug|Any CPU
		{3FCC9469-A495-49BD-91E0-0D42DBDD0183}.Debug|iPhone.ActiveCfg = Debug|Any CPU
		{3FCC9469-A495-49BD-91E0-0D42DBDD0183}.Debug|iPhone.Build.0 = Debug|Any CPU
		{3FCC9469-A495-49BD-91E0-0D42DBDD0183}.Debug|iPhoneSimulator.ActiveCfg = Debug|Any CPU
		{3FCC9469-A495-49BD-91E0-0D42DBDD0183}.Debug|iPhoneSimulator.Build.0 = Debug|Any CPU
		{3FCC9469-A495-49BD-91E0-0D42DBDD0183}.Debug|x64.ActiveCfg = Debug|Any CPU
		{3FCC9469-A495-49BD-91E0-0D42DBDD0183}.Debug|x64.Build.0 = Debug|Any CPU
		{3FCC9469-A495-49BD-91E0-0D42DBDD0183}.Debug|x86.ActiveCfg = Debug|Any CPU
		{3FCC9469-A495-49BD-91E0-0D42DBDD0183}.Debug|x86.Build.0 = Debug|Any CPU
		{3FCC9469-A495-49BD-91E0-0D42DBDD0183}.Packaging|Any CPU.ActiveCfg = Debug|Any CPU
		{3FCC9469-A495-49BD-91E0-0D42DBDD0183}.Packaging|Any CPU.Build.0 = Debug|Any CPU
		{3FCC9469-A495-49BD-91E0-0D42DBDD0183}.Packaging|ARM.ActiveCfg = Debug|Any CPU
		{3FCC9469-A495-49BD-91E0-0D42DBDD0183}.Packaging|ARM.Build.0 = Debug|Any CPU
		{3FCC9469-A495-49BD-91E0-0D42DBDD0183}.Packaging|iPhone.ActiveCfg = Debug|Any CPU
		{3FCC9469-A495-49BD-91E0-0D42DBDD0183}.Packaging|iPhone.Build.0 = Debug|Any CPU
		{3FCC9469-A495-49BD-91E0-0D42DBDD0183}.Packaging|iPhoneSimulator.ActiveCfg = Debug|Any CPU
		{3FCC9469-A495-49BD-91E0-0D42DBDD0183}.Packaging|iPhoneSimulator.Build.0 = Debug|Any CPU
		{3FCC9469-A495-49BD-91E0-0D42DBDD0183}.Packaging|x64.ActiveCfg = Debug|Any CPU
		{3FCC9469-A495-49BD-91E0-0D42DBDD0183}.Packaging|x64.Build.0 = Debug|Any CPU
		{3FCC9469-A495-49BD-91E0-0D42DBDD0183}.Packaging|x86.ActiveCfg = Debug|Any CPU
		{3FCC9469-A495-49BD-91E0-0D42DBDD0183}.Packaging|x86.Build.0 = Debug|Any CPU
		{3FCC9469-A495-49BD-91E0-0D42DBDD0183}.Release|Any CPU.ActiveCfg = Release|Any CPU
		{3FCC9469-A495-49BD-91E0-0D42DBDD0183}.Release|Any CPU.Build.0 = Release|Any CPU
		{3FCC9469-A495-49BD-91E0-0D42DBDD0183}.Release|ARM.ActiveCfg = Release|Any CPU
		{3FCC9469-A495-49BD-91E0-0D42DBDD0183}.Release|ARM.Build.0 = Release|Any CPU
		{3FCC9469-A495-49BD-91E0-0D42DBDD0183}.Release|iPhone.ActiveCfg = Release|Any CPU
		{3FCC9469-A495-49BD-91E0-0D42DBDD0183}.Release|iPhone.Build.0 = Release|Any CPU
		{3FCC9469-A495-49BD-91E0-0D42DBDD0183}.Release|iPhoneSimulator.ActiveCfg = Release|Any CPU
		{3FCC9469-A495-49BD-91E0-0D42DBDD0183}.Release|iPhoneSimulator.Build.0 = Release|Any CPU
		{3FCC9469-A495-49BD-91E0-0D42DBDD0183}.Release|x64.ActiveCfg = Release|Any CPU
		{3FCC9469-A495-49BD-91E0-0D42DBDD0183}.Release|x64.Build.0 = Release|Any CPU
		{3FCC9469-A495-49BD-91E0-0D42DBDD0183}.Release|x86.ActiveCfg = Release|Any CPU
		{3FCC9469-A495-49BD-91E0-0D42DBDD0183}.Release|x86.Build.0 = Release|Any CPU
		{DD47E1CE-CBB5-4FB8-867D-A9D37DB89493}.Debug|Any CPU.ActiveCfg = Debug|Any CPU
		{DD47E1CE-CBB5-4FB8-867D-A9D37DB89493}.Debug|Any CPU.Build.0 = Debug|Any CPU
		{DD47E1CE-CBB5-4FB8-867D-A9D37DB89493}.Debug|ARM.ActiveCfg = Debug|Any CPU
		{DD47E1CE-CBB5-4FB8-867D-A9D37DB89493}.Debug|ARM.Build.0 = Debug|Any CPU
		{DD47E1CE-CBB5-4FB8-867D-A9D37DB89493}.Debug|iPhone.ActiveCfg = Debug|Any CPU
		{DD47E1CE-CBB5-4FB8-867D-A9D37DB89493}.Debug|iPhone.Build.0 = Debug|Any CPU
		{DD47E1CE-CBB5-4FB8-867D-A9D37DB89493}.Debug|iPhoneSimulator.ActiveCfg = Debug|Any CPU
		{DD47E1CE-CBB5-4FB8-867D-A9D37DB89493}.Debug|iPhoneSimulator.Build.0 = Debug|Any CPU
		{DD47E1CE-CBB5-4FB8-867D-A9D37DB89493}.Debug|x64.ActiveCfg = Debug|Any CPU
		{DD47E1CE-CBB5-4FB8-867D-A9D37DB89493}.Debug|x64.Build.0 = Debug|Any CPU
		{DD47E1CE-CBB5-4FB8-867D-A9D37DB89493}.Debug|x86.ActiveCfg = Debug|Any CPU
		{DD47E1CE-CBB5-4FB8-867D-A9D37DB89493}.Debug|x86.Build.0 = Debug|Any CPU
		{DD47E1CE-CBB5-4FB8-867D-A9D37DB89493}.Packaging|Any CPU.ActiveCfg = Debug|Any CPU
		{DD47E1CE-CBB5-4FB8-867D-A9D37DB89493}.Packaging|Any CPU.Build.0 = Debug|Any CPU
		{DD47E1CE-CBB5-4FB8-867D-A9D37DB89493}.Packaging|ARM.ActiveCfg = Debug|Any CPU
		{DD47E1CE-CBB5-4FB8-867D-A9D37DB89493}.Packaging|ARM.Build.0 = Debug|Any CPU
		{DD47E1CE-CBB5-4FB8-867D-A9D37DB89493}.Packaging|iPhone.ActiveCfg = Debug|Any CPU
		{DD47E1CE-CBB5-4FB8-867D-A9D37DB89493}.Packaging|iPhone.Build.0 = Debug|Any CPU
		{DD47E1CE-CBB5-4FB8-867D-A9D37DB89493}.Packaging|iPhoneSimulator.ActiveCfg = Debug|Any CPU
		{DD47E1CE-CBB5-4FB8-867D-A9D37DB89493}.Packaging|iPhoneSimulator.Build.0 = Debug|Any CPU
		{DD47E1CE-CBB5-4FB8-867D-A9D37DB89493}.Packaging|x64.ActiveCfg = Debug|Any CPU
		{DD47E1CE-CBB5-4FB8-867D-A9D37DB89493}.Packaging|x64.Build.0 = Debug|Any CPU
		{DD47E1CE-CBB5-4FB8-867D-A9D37DB89493}.Packaging|x86.ActiveCfg = Debug|Any CPU
		{DD47E1CE-CBB5-4FB8-867D-A9D37DB89493}.Packaging|x86.Build.0 = Debug|Any CPU
		{DD47E1CE-CBB5-4FB8-867D-A9D37DB89493}.Release|Any CPU.ActiveCfg = Release|Any CPU
		{DD47E1CE-CBB5-4FB8-867D-A9D37DB89493}.Release|Any CPU.Build.0 = Release|Any CPU
		{DD47E1CE-CBB5-4FB8-867D-A9D37DB89493}.Release|ARM.ActiveCfg = Release|Any CPU
		{DD47E1CE-CBB5-4FB8-867D-A9D37DB89493}.Release|ARM.Build.0 = Release|Any CPU
		{DD47E1CE-CBB5-4FB8-867D-A9D37DB89493}.Release|iPhone.ActiveCfg = Release|Any CPU
		{DD47E1CE-CBB5-4FB8-867D-A9D37DB89493}.Release|iPhone.Build.0 = Release|Any CPU
		{DD47E1CE-CBB5-4FB8-867D-A9D37DB89493}.Release|iPhoneSimulator.ActiveCfg = Release|Any CPU
		{DD47E1CE-CBB5-4FB8-867D-A9D37DB89493}.Release|iPhoneSimulator.Build.0 = Release|Any CPU
		{DD47E1CE-CBB5-4FB8-867D-A9D37DB89493}.Release|x64.ActiveCfg = Release|Any CPU
		{DD47E1CE-CBB5-4FB8-867D-A9D37DB89493}.Release|x64.Build.0 = Release|Any CPU
		{DD47E1CE-CBB5-4FB8-867D-A9D37DB89493}.Release|x86.ActiveCfg = Release|Any CPU
		{DD47E1CE-CBB5-4FB8-867D-A9D37DB89493}.Release|x86.Build.0 = Release|Any CPU
		{65087088-E8D9-4083-8F15-CCEE5F98A54D}.Debug|Any CPU.ActiveCfg = Debug|Any CPU
		{65087088-E8D9-4083-8F15-CCEE5F98A54D}.Debug|Any CPU.Build.0 = Debug|Any CPU
		{65087088-E8D9-4083-8F15-CCEE5F98A54D}.Debug|ARM.ActiveCfg = Debug|Any CPU
		{65087088-E8D9-4083-8F15-CCEE5F98A54D}.Debug|ARM.Build.0 = Debug|Any CPU
		{65087088-E8D9-4083-8F15-CCEE5F98A54D}.Debug|iPhone.ActiveCfg = Debug|Any CPU
		{65087088-E8D9-4083-8F15-CCEE5F98A54D}.Debug|iPhone.Build.0 = Debug|Any CPU
		{65087088-E8D9-4083-8F15-CCEE5F98A54D}.Debug|iPhoneSimulator.ActiveCfg = Debug|Any CPU
		{65087088-E8D9-4083-8F15-CCEE5F98A54D}.Debug|iPhoneSimulator.Build.0 = Debug|Any CPU
		{65087088-E8D9-4083-8F15-CCEE5F98A54D}.Debug|x64.ActiveCfg = Debug|Any CPU
		{65087088-E8D9-4083-8F15-CCEE5F98A54D}.Debug|x64.Build.0 = Debug|Any CPU
		{65087088-E8D9-4083-8F15-CCEE5F98A54D}.Debug|x86.ActiveCfg = Debug|Any CPU
		{65087088-E8D9-4083-8F15-CCEE5F98A54D}.Debug|x86.Build.0 = Debug|Any CPU
		{65087088-E8D9-4083-8F15-CCEE5F98A54D}.Packaging|Any CPU.ActiveCfg = Debug|Any CPU
		{65087088-E8D9-4083-8F15-CCEE5F98A54D}.Packaging|Any CPU.Build.0 = Debug|Any CPU
		{65087088-E8D9-4083-8F15-CCEE5F98A54D}.Packaging|ARM.ActiveCfg = Debug|Any CPU
		{65087088-E8D9-4083-8F15-CCEE5F98A54D}.Packaging|ARM.Build.0 = Debug|Any CPU
		{65087088-E8D9-4083-8F15-CCEE5F98A54D}.Packaging|iPhone.ActiveCfg = Debug|Any CPU
		{65087088-E8D9-4083-8F15-CCEE5F98A54D}.Packaging|iPhone.Build.0 = Debug|Any CPU
		{65087088-E8D9-4083-8F15-CCEE5F98A54D}.Packaging|iPhoneSimulator.ActiveCfg = Debug|Any CPU
		{65087088-E8D9-4083-8F15-CCEE5F98A54D}.Packaging|iPhoneSimulator.Build.0 = Debug|Any CPU
		{65087088-E8D9-4083-8F15-CCEE5F98A54D}.Packaging|x64.ActiveCfg = Debug|Any CPU
		{65087088-E8D9-4083-8F15-CCEE5F98A54D}.Packaging|x64.Build.0 = Debug|Any CPU
		{65087088-E8D9-4083-8F15-CCEE5F98A54D}.Packaging|x86.ActiveCfg = Debug|Any CPU
		{65087088-E8D9-4083-8F15-CCEE5F98A54D}.Packaging|x86.Build.0 = Debug|Any CPU
		{65087088-E8D9-4083-8F15-CCEE5F98A54D}.Release|Any CPU.ActiveCfg = Release|Any CPU
		{65087088-E8D9-4083-8F15-CCEE5F98A54D}.Release|Any CPU.Build.0 = Release|Any CPU
		{65087088-E8D9-4083-8F15-CCEE5F98A54D}.Release|ARM.ActiveCfg = Release|Any CPU
		{65087088-E8D9-4083-8F15-CCEE5F98A54D}.Release|ARM.Build.0 = Release|Any CPU
		{65087088-E8D9-4083-8F15-CCEE5F98A54D}.Release|iPhone.ActiveCfg = Release|Any CPU
		{65087088-E8D9-4083-8F15-CCEE5F98A54D}.Release|iPhone.Build.0 = Release|Any CPU
		{65087088-E8D9-4083-8F15-CCEE5F98A54D}.Release|iPhoneSimulator.ActiveCfg = Release|Any CPU
		{65087088-E8D9-4083-8F15-CCEE5F98A54D}.Release|iPhoneSimulator.Build.0 = Release|Any CPU
		{65087088-E8D9-4083-8F15-CCEE5F98A54D}.Release|x64.ActiveCfg = Release|Any CPU
		{65087088-E8D9-4083-8F15-CCEE5F98A54D}.Release|x64.Build.0 = Release|Any CPU
		{65087088-E8D9-4083-8F15-CCEE5F98A54D}.Release|x86.ActiveCfg = Release|Any CPU
		{65087088-E8D9-4083-8F15-CCEE5F98A54D}.Release|x86.Build.0 = Release|Any CPU
		{9567169F-10A1-4AD6-B8F2-DAAF800D4C02}.Debug|Any CPU.ActiveCfg = Debug|Any CPU
		{9567169F-10A1-4AD6-B8F2-DAAF800D4C02}.Debug|Any CPU.Build.0 = Debug|Any CPU
		{9567169F-10A1-4AD6-B8F2-DAAF800D4C02}.Debug|ARM.ActiveCfg = Debug|Any CPU
		{9567169F-10A1-4AD6-B8F2-DAAF800D4C02}.Debug|ARM.Build.0 = Debug|Any CPU
		{9567169F-10A1-4AD6-B8F2-DAAF800D4C02}.Debug|iPhone.ActiveCfg = Debug|Any CPU
		{9567169F-10A1-4AD6-B8F2-DAAF800D4C02}.Debug|iPhone.Build.0 = Debug|Any CPU
		{9567169F-10A1-4AD6-B8F2-DAAF800D4C02}.Debug|iPhoneSimulator.ActiveCfg = Debug|Any CPU
		{9567169F-10A1-4AD6-B8F2-DAAF800D4C02}.Debug|iPhoneSimulator.Build.0 = Debug|Any CPU
		{9567169F-10A1-4AD6-B8F2-DAAF800D4C02}.Debug|x64.ActiveCfg = Debug|Any CPU
		{9567169F-10A1-4AD6-B8F2-DAAF800D4C02}.Debug|x64.Build.0 = Debug|Any CPU
		{9567169F-10A1-4AD6-B8F2-DAAF800D4C02}.Debug|x86.ActiveCfg = Debug|Any CPU
		{9567169F-10A1-4AD6-B8F2-DAAF800D4C02}.Debug|x86.Build.0 = Debug|Any CPU
		{9567169F-10A1-4AD6-B8F2-DAAF800D4C02}.Packaging|Any CPU.ActiveCfg = Debug|Any CPU
		{9567169F-10A1-4AD6-B8F2-DAAF800D4C02}.Packaging|Any CPU.Build.0 = Debug|Any CPU
		{9567169F-10A1-4AD6-B8F2-DAAF800D4C02}.Packaging|ARM.ActiveCfg = Debug|Any CPU
		{9567169F-10A1-4AD6-B8F2-DAAF800D4C02}.Packaging|ARM.Build.0 = Debug|Any CPU
		{9567169F-10A1-4AD6-B8F2-DAAF800D4C02}.Packaging|iPhone.ActiveCfg = Debug|Any CPU
		{9567169F-10A1-4AD6-B8F2-DAAF800D4C02}.Packaging|iPhone.Build.0 = Debug|Any CPU
		{9567169F-10A1-4AD6-B8F2-DAAF800D4C02}.Packaging|iPhoneSimulator.ActiveCfg = Debug|Any CPU
		{9567169F-10A1-4AD6-B8F2-DAAF800D4C02}.Packaging|iPhoneSimulator.Build.0 = Debug|Any CPU
		{9567169F-10A1-4AD6-B8F2-DAAF800D4C02}.Packaging|x64.ActiveCfg = Debug|Any CPU
		{9567169F-10A1-4AD6-B8F2-DAAF800D4C02}.Packaging|x64.Build.0 = Debug|Any CPU
		{9567169F-10A1-4AD6-B8F2-DAAF800D4C02}.Packaging|x86.ActiveCfg = Debug|Any CPU
		{9567169F-10A1-4AD6-B8F2-DAAF800D4C02}.Packaging|x86.Build.0 = Debug|Any CPU
		{9567169F-10A1-4AD6-B8F2-DAAF800D4C02}.Release|Any CPU.ActiveCfg = Release|Any CPU
		{9567169F-10A1-4AD6-B8F2-DAAF800D4C02}.Release|Any CPU.Build.0 = Release|Any CPU
		{9567169F-10A1-4AD6-B8F2-DAAF800D4C02}.Release|ARM.ActiveCfg = Release|Any CPU
		{9567169F-10A1-4AD6-B8F2-DAAF800D4C02}.Release|ARM.Build.0 = Release|Any CPU
		{9567169F-10A1-4AD6-B8F2-DAAF800D4C02}.Release|iPhone.ActiveCfg = Release|Any CPU
		{9567169F-10A1-4AD6-B8F2-DAAF800D4C02}.Release|iPhone.Build.0 = Release|Any CPU
		{9567169F-10A1-4AD6-B8F2-DAAF800D4C02}.Release|iPhoneSimulator.ActiveCfg = Release|Any CPU
		{9567169F-10A1-4AD6-B8F2-DAAF800D4C02}.Release|iPhoneSimulator.Build.0 = Release|Any CPU
		{9567169F-10A1-4AD6-B8F2-DAAF800D4C02}.Release|x64.ActiveCfg = Release|Any CPU
		{9567169F-10A1-4AD6-B8F2-DAAF800D4C02}.Release|x64.Build.0 = Release|Any CPU
		{9567169F-10A1-4AD6-B8F2-DAAF800D4C02}.Release|x86.ActiveCfg = Release|Any CPU
		{9567169F-10A1-4AD6-B8F2-DAAF800D4C02}.Release|x86.Build.0 = Release|Any CPU
		{3BC0AC7E-3B3B-4D3F-9CC0-B2BDECC460A6}.Debug|Any CPU.ActiveCfg = Debug|Any CPU
		{3BC0AC7E-3B3B-4D3F-9CC0-B2BDECC460A6}.Debug|Any CPU.Build.0 = Debug|Any CPU
		{3BC0AC7E-3B3B-4D3F-9CC0-B2BDECC460A6}.Debug|Any CPU.Deploy.0 = Debug|Any CPU
		{3BC0AC7E-3B3B-4D3F-9CC0-B2BDECC460A6}.Debug|ARM.ActiveCfg = Debug|Any CPU
		{3BC0AC7E-3B3B-4D3F-9CC0-B2BDECC460A6}.Debug|ARM.Build.0 = Debug|Any CPU
		{3BC0AC7E-3B3B-4D3F-9CC0-B2BDECC460A6}.Debug|ARM.Deploy.0 = Debug|Any CPU
		{3BC0AC7E-3B3B-4D3F-9CC0-B2BDECC460A6}.Debug|iPhone.ActiveCfg = Debug|Any CPU
		{3BC0AC7E-3B3B-4D3F-9CC0-B2BDECC460A6}.Debug|iPhone.Build.0 = Debug|Any CPU
		{3BC0AC7E-3B3B-4D3F-9CC0-B2BDECC460A6}.Debug|iPhone.Deploy.0 = Debug|Any CPU
		{3BC0AC7E-3B3B-4D3F-9CC0-B2BDECC460A6}.Debug|iPhoneSimulator.ActiveCfg = Debug|Any CPU
		{3BC0AC7E-3B3B-4D3F-9CC0-B2BDECC460A6}.Debug|iPhoneSimulator.Build.0 = Debug|Any CPU
		{3BC0AC7E-3B3B-4D3F-9CC0-B2BDECC460A6}.Debug|iPhoneSimulator.Deploy.0 = Debug|Any CPU
		{3BC0AC7E-3B3B-4D3F-9CC0-B2BDECC460A6}.Debug|x64.ActiveCfg = Debug|Any CPU
		{3BC0AC7E-3B3B-4D3F-9CC0-B2BDECC460A6}.Debug|x64.Build.0 = Debug|Any CPU
		{3BC0AC7E-3B3B-4D3F-9CC0-B2BDECC460A6}.Debug|x64.Deploy.0 = Debug|Any CPU
		{3BC0AC7E-3B3B-4D3F-9CC0-B2BDECC460A6}.Debug|x86.ActiveCfg = Debug|Any CPU
		{3BC0AC7E-3B3B-4D3F-9CC0-B2BDECC460A6}.Debug|x86.Build.0 = Debug|Any CPU
		{3BC0AC7E-3B3B-4D3F-9CC0-B2BDECC460A6}.Debug|x86.Deploy.0 = Debug|Any CPU
		{3BC0AC7E-3B3B-4D3F-9CC0-B2BDECC460A6}.Packaging|Any CPU.ActiveCfg = Release|Any CPU
		{3BC0AC7E-3B3B-4D3F-9CC0-B2BDECC460A6}.Packaging|Any CPU.Build.0 = Release|Any CPU
		{3BC0AC7E-3B3B-4D3F-9CC0-B2BDECC460A6}.Packaging|Any CPU.Deploy.0 = Release|Any CPU
		{3BC0AC7E-3B3B-4D3F-9CC0-B2BDECC460A6}.Packaging|ARM.ActiveCfg = Release|Any CPU
		{3BC0AC7E-3B3B-4D3F-9CC0-B2BDECC460A6}.Packaging|ARM.Build.0 = Release|Any CPU
		{3BC0AC7E-3B3B-4D3F-9CC0-B2BDECC460A6}.Packaging|ARM.Deploy.0 = Release|Any CPU
		{3BC0AC7E-3B3B-4D3F-9CC0-B2BDECC460A6}.Packaging|iPhone.ActiveCfg = Release|Any CPU
		{3BC0AC7E-3B3B-4D3F-9CC0-B2BDECC460A6}.Packaging|iPhone.Build.0 = Release|Any CPU
		{3BC0AC7E-3B3B-4D3F-9CC0-B2BDECC460A6}.Packaging|iPhone.Deploy.0 = Release|Any CPU
		{3BC0AC7E-3B3B-4D3F-9CC0-B2BDECC460A6}.Packaging|iPhoneSimulator.ActiveCfg = Release|Any CPU
		{3BC0AC7E-3B3B-4D3F-9CC0-B2BDECC460A6}.Packaging|iPhoneSimulator.Build.0 = Release|Any CPU
		{3BC0AC7E-3B3B-4D3F-9CC0-B2BDECC460A6}.Packaging|iPhoneSimulator.Deploy.0 = Release|Any CPU
		{3BC0AC7E-3B3B-4D3F-9CC0-B2BDECC460A6}.Packaging|x64.ActiveCfg = Release|Any CPU
		{3BC0AC7E-3B3B-4D3F-9CC0-B2BDECC460A6}.Packaging|x64.Build.0 = Release|Any CPU
		{3BC0AC7E-3B3B-4D3F-9CC0-B2BDECC460A6}.Packaging|x64.Deploy.0 = Release|Any CPU
		{3BC0AC7E-3B3B-4D3F-9CC0-B2BDECC460A6}.Packaging|x86.ActiveCfg = Release|Any CPU
		{3BC0AC7E-3B3B-4D3F-9CC0-B2BDECC460A6}.Packaging|x86.Build.0 = Release|Any CPU
		{3BC0AC7E-3B3B-4D3F-9CC0-B2BDECC460A6}.Packaging|x86.Deploy.0 = Release|Any CPU
		{3BC0AC7E-3B3B-4D3F-9CC0-B2BDECC460A6}.Release|Any CPU.ActiveCfg = Release|Any CPU
		{3BC0AC7E-3B3B-4D3F-9CC0-B2BDECC460A6}.Release|Any CPU.Build.0 = Release|Any CPU
		{3BC0AC7E-3B3B-4D3F-9CC0-B2BDECC460A6}.Release|Any CPU.Deploy.0 = Release|Any CPU
		{3BC0AC7E-3B3B-4D3F-9CC0-B2BDECC460A6}.Release|ARM.ActiveCfg = Release|Any CPU
		{3BC0AC7E-3B3B-4D3F-9CC0-B2BDECC460A6}.Release|ARM.Build.0 = Release|Any CPU
		{3BC0AC7E-3B3B-4D3F-9CC0-B2BDECC460A6}.Release|ARM.Deploy.0 = Release|Any CPU
		{3BC0AC7E-3B3B-4D3F-9CC0-B2BDECC460A6}.Release|iPhone.ActiveCfg = Release|Any CPU
		{3BC0AC7E-3B3B-4D3F-9CC0-B2BDECC460A6}.Release|iPhone.Build.0 = Release|Any CPU
		{3BC0AC7E-3B3B-4D3F-9CC0-B2BDECC460A6}.Release|iPhone.Deploy.0 = Release|Any CPU
		{3BC0AC7E-3B3B-4D3F-9CC0-B2BDECC460A6}.Release|iPhoneSimulator.ActiveCfg = Release|Any CPU
		{3BC0AC7E-3B3B-4D3F-9CC0-B2BDECC460A6}.Release|iPhoneSimulator.Build.0 = Release|Any CPU
		{3BC0AC7E-3B3B-4D3F-9CC0-B2BDECC460A6}.Release|iPhoneSimulator.Deploy.0 = Release|Any CPU
		{3BC0AC7E-3B3B-4D3F-9CC0-B2BDECC460A6}.Release|x64.ActiveCfg = Release|Any CPU
		{3BC0AC7E-3B3B-4D3F-9CC0-B2BDECC460A6}.Release|x64.Build.0 = Release|Any CPU
		{3BC0AC7E-3B3B-4D3F-9CC0-B2BDECC460A6}.Release|x64.Deploy.0 = Release|Any CPU
		{3BC0AC7E-3B3B-4D3F-9CC0-B2BDECC460A6}.Release|x86.ActiveCfg = Release|Any CPU
		{3BC0AC7E-3B3B-4D3F-9CC0-B2BDECC460A6}.Release|x86.Build.0 = Release|Any CPU
		{3BC0AC7E-3B3B-4D3F-9CC0-B2BDECC460A6}.Release|x86.Deploy.0 = Release|Any CPU
	EndGlobalSection
	GlobalSection(SolutionProperties) = preSolution
		HideSolutionNode = FALSE
	EndGlobalSection
	GlobalSection(NestedProjects) = preSolution
		{4FE00AF2-C8ED-4244-835C-6564FE8BFFA3} = {96B6B05C-82E4-4F44-83F0-D0398E790CC7}
		{65087088-E8D9-4083-8F15-CCEE5F98A54D} = {255F42AE-A17B-4426-8AFD-9B90B092913B}
		{9567169F-10A1-4AD6-B8F2-DAAF800D4C02} = {255F42AE-A17B-4426-8AFD-9B90B092913B}
		{3BC0AC7E-3B3B-4D3F-9CC0-B2BDECC460A6} = {96B6B05C-82E4-4F44-83F0-D0398E790CC7}
	EndGlobalSection
	GlobalSection(ExtensibilityGlobals) = postSolution
		SolutionGuid = {14F3EC6B-7FCC-4F2B-9044-38752EF862FB}
	EndGlobalSection
EndGlobal
